{
  "version": 1,
  "dependencies": {
    "net8.0": {
      "Microsoft.Windows.SDK.BuildTools": {
        "type": "Direct",
        "requested": "[10.0.26100.7705, )",
        "resolved": "10.0.26100.7705",
        "contentHash": "BIV+AD93Eh3Yv3xE55a9AD/o5f+wmW1NOoSu2DajGsnC324bnshnjr2vhRcyzC8fCY0tIRFX0nZg9yQQ/9+l5w=="
      }
    }
  }
}
